{
  "nodes": {
    "alire-community-index": {
      "flake": false,
      "locked": {
        "lastModified": 1787133257,
        "narHash": "sha256-r6bycfvCrIqTay5Fs1C3yfzW/xiZOf2Oav5UEhYI+lM=",
        "owner": "alire-project",
        "repo": "alire-index",
        "rev": "cd12c6aa35b7d6483841517305d57ba167ec78d0",
        "type": "github"
      },
      "original": {
        "owner": "alire-project",
        "ref": "stable-1.4.0",
        "repo": "alire-index",
        "type": "github"
      }
    },
    "alirenix": {
      "inputs": {
        "alire-community-index": "alire-community-index",
        "nixpkgs": "nixpkgs"
      },
      "locked": {
        "lastModified": 1787352336,
        "narHash": "sha256-3QbFQxhtLatFtFlJAa4hEZh9IeVh8VWU14XwPaliqc4=",
        "owner": "atalii",
        "repo": "alirenix",
        "rev": "bd6f1493a892e18fee01eaeb6a4ce735b847a243",
        "type": "github"
      },
      "original": {
        "owner": "atalii",
        "repo": "alirenix",
        "type": "github"
      }
    },
    "nixpkgs": {
      "locked": {
        "lastModified": 1787251534,
        "narHash": "sha256-XUKGZNAllCSS9W2kJ3mkY0PEGDanvdcJqUdYfLG2Bao=",
        "owner": "nixos",
        "repo": "nixpkgs",
        "rev": "a641c6cb8f6e4bc324f76809c78e290e2344eefe",
        "type": "github"
      },
      "original": {
        "owner": "nixos",
        "repo": "nixpkgs",
        "type": "github"
      }
    },
    "nixpkgs_2": {
      "locked": {
        "lastModified": 1787682087,
        "narHash": "sha256-cTyNMSl9Zs3BkgXLHzzba+nuqPg2C6F2f5jZmaNacvA=",
        "owner": "nixos",
        "repo": "nixpkgs",
        "rev": "18223d959d5009c5d5b2f8a4a066a0ac4e6df780",
        "type": "github"
      },
      "original": {
        "owner": "nixos",
        "repo": "nixpkgs",
        "type": "github"
      }
    },
    "root": {
      "inputs": {
        "alirenix": "alirenix",
        "nixpkgs": "nixpkgs_2"
      }
    }
  },
  "root": "root",
  "version": 7
}
