{
  "nodes": {
    "alire-community-index": {
      "flake": false,
      "locked": {
        "lastModified": 1747393402,
        "narHash": "sha256-MV3qc12g2r9ntV5Fb3IEzK2tbkTOW7yVqq7vm6uEsrY=",
        "owner": "alire-project",
        "repo": "alire-index",
        "rev": "f2e64c68f6f0e8844bb92b1c2d3f58d71ed65e9c",
        "type": "github"
      },
      "original": {
        "owner": "alire-project",
        "repo": "alire-index",
        "type": "github"
      }
    },
    "alirenix": {
      "inputs": {
        "alire-community-index": "alire-community-index",
        "nixpkgs": "nixpkgs"
      },
      "locked": {
        "lastModified": 1747587792,
        "narHash": "sha256-97en6By1J5sW2Ef7ntMr7F0g3r4nOU5OXSTjot2rrVQ=",
        "owner": "atalii",
        "repo": "alirenix",
        "rev": "aeb9193e2bce3841d04c91021cd56fd8288ed770",
        "type": "github"
      },
      "original": {
        "owner": "atalii",
        "repo": "alirenix",
        "type": "github"
      }
    },
    "nixpkgs": {
      "locked": {
        "lastModified": 1747587122,
        "narHash": "sha256-8A/zJ3vqqvzgoeXYaNqBtC7tjulWZuYy9IrDehjvUCc=",
        "owner": "nixos",
        "repo": "nixpkgs",
        "rev": "697aab626a857591d5361d9abf8ce9f4946ffeec",
        "type": "github"
      },
      "original": {
        "owner": "nixos",
        "repo": "nixpkgs",
        "type": "github"
      }
    },
    "nixpkgs_2": {
      "locked": {
        "lastModified": 1748907317,
        "narHash": "sha256-KBhTkSmrP0r8jMTyToTv+H4hHyLkoELnW0YAvu/C0uU=",
        "owner": "nixos",
        "repo": "nixpkgs",
        "rev": "e46eadb25c331d031c5ac85562cab36a232901ea",
        "type": "github"
      },
      "original": {
        "owner": "nixos",
        "ref": "release-25.05",
        "repo": "nixpkgs",
        "type": "github"
      }
    },
    "root": {
      "inputs": {
        "alirenix": "alirenix",
        "nixpkgs": "nixpkgs_2"
      }
    }
  },
  "root": "root",
  "version": 7
}
